
Microsoft Visual Studio Solution File, Format Version 12.00
# Visual Studio 14
VisualStudioVersion = 14.0.25420.1
MinimumVisualStudioVersion = 10.0.40219.1
Project("{FAE04EC0-301F-11D3-BF4B-00C04F79EFBC}") = "Dynamapper", "Dynamapper\Dynamapper.csproj", "{73E416E5-B466-4866-A409-695D8156FC50}"
EndProject
Project("{FAE04EC0-301F-11D3-BF4B-00C04F79EFBC}") = "Dynamapper.Tests", "Dynamapper.Tests\Dynamapper.Tests.csproj", "{BB10D5CC-5B3A-41ED-8286-46264FB3276E}"
EndProject
Project("{2150E333-8FDC-42A3-9474-1A3956D46DE8}") = "StrongName", "StrongName", "{CEA1BD3F-1FD5-4ACB-9C08-7268A82EA4B9}"
	ProjectSection(SolutionItems) = preProject
		StrongName\DynamapperStrongName.pfx = StrongName\DynamapperStrongName.pfx
	EndProjectSection
EndProject
Global
	GlobalSection(SolutionConfigurationPlatforms) = preSolution
		Debug|Any CPU = Debug|Any CPU
		Release|Any CPU = Release|Any CPU
	EndGlobalSection
	GlobalSection(ProjectConfigurationPlatforms) = postSolution
		{73E416E5-B466-4866-A409-695D8156FC50}.Debug|Any CPU.ActiveCfg = Debug|Any CPU
		{73E416E5-B466-4866-A409-695D8156FC50}.Debug|Any CPU.Build.0 = Debug|Any CPU
		{73E416E5-B466-4866-A409-695D8156FC50}.Release|Any CPU.ActiveCfg = Release|Any CPU
		{73E416E5-B466-4866-A409-695D8156FC50}.Release|Any CPU.Build.0 = Release|Any CPU
		{BB10D5CC-5B3A-41ED-8286-46264FB3276E}.Debug|Any CPU.ActiveCfg = Debug|Any CPU
		{BB10D5CC-5B3A-41ED-8286-46264FB3276E}.Debug|Any CPU.Build.0 = Debug|Any CPU
		{BB10D5CC-5B3A-41ED-8286-46264FB3276E}.Release|Any CPU.ActiveCfg = Release|Any CPU
		{BB10D5CC-5B3A-41ED-8286-46264FB3276E}.Release|Any CPU.Build.0 = Release|Any CPU
	EndGlobalSection
	GlobalSection(SolutionProperties) = preSolution
		HideSolutionNode = FALSE
	EndGlobalSection
EndGlobal
